// !$*UTF8*$!
{
	archiveVersion = 1;
	classes = {
	};
	objectVersion = 50;
	objects = {

/* Begin PBXBuildFile section */
		3A10DA66217688EB00D37655 /* UIImageViewCustomTests.swift in Sources */ = {isa = PBXBuildFile; fileRef = 3A10DA65217688EB00D37655 /* UIImageViewCustomTests.swift */; };
		3A10DA682176971100D37655 /* UrlExtensionTests.swift in Sources */ = {isa = PBXBuildFile; fileRef = 3A10DA672176971100D37655 /* UrlExtensionTests.swift */; };
		3A2DB871216BB8E200D5A17E /* UrlExtension.swift in Sources */ = {isa = PBXBuildFile; fileRef = 3A2DB870216BB8E200D5A17E /* UrlExtension.swift */; };
		3A2DB873216BD4F400D5A17E /* Network.swift in Sources */ = {isa = PBXBuildFile; fileRef = 3A2DB872216BD4F400D5A17E /* Network.swift */; };
		3A4031C5217671B400383372 /* GoogleService-Info.plist in Resources */ = {isa = PBXBuildFile; fileRef = 3A4031C4217671B400383372 /* GoogleService-Info.plist */; };
		3A5D59D92176DF9700BFDDA3 /* BaseViewControllerTests.swift in Sources */ = {isa = PBXBuildFile; fileRef = 3A5D59D82176DF9700BFDDA3 /* BaseViewControllerTests.swift */; };
		3A66583621829F5E007475D9 /* CharacterListPresenterMock.swift in Sources */ = {isa = PBXBuildFile; fileRef = 3A66583521829F5E007475D9 /* CharacterListPresenterMock.swift */; };
		3A710927211B28DA00F27724 /* Protocols.swift in Sources */ = {isa = PBXBuildFile; fileRef = 3A710926211B28DA00F27724 /* Protocols.swift */; };
		3A710929211B6B0C00F27724 /* main.swift in Sources */ = {isa = PBXBuildFile; fileRef = 3A710928211B6B0C00F27724 /* main.swift */; };
		3A71092D211B709000F27724 /* CharacterDetailPresenterMock.swift in Sources */ = {isa = PBXBuildFile; fileRef = 3A71092C211B709000F27724 /* CharacterDetailPresenterMock.swift */; };
		3A710930211B743300F27724 /* CharacterMock.swift in Sources */ = {isa = PBXBuildFile; fileRef = 3A71092F211B743300F27724 /* CharacterMock.swift */; };
		3A710935211BA0D500F27724 /* CharacterDetailComicCellTests.swift in Sources */ = {isa = PBXBuildFile; fileRef = 3A710934211BA0D500F27724 /* CharacterDetailComicCellTests.swift */; };
		3AB85D472177754500C7C944 /* PlistUtilTests.swift in Sources */ = {isa = PBXBuildFile; fileRef = 3AB85D462177754500C7C944 /* PlistUtilTests.swift */; };
		3AE5C77F21471F8D001979F1 /* CharacterListViewControllerTests.swift in Sources */ = {isa = PBXBuildFile; fileRef = 3AE5C77E21471F8D001979F1 /* CharacterListViewControllerTests.swift */; };
		3AE5C784214846B4001979F1 /* CharacterServiceMock.swift in Sources */ = {isa = PBXBuildFile; fileRef = 3AE5C783214846B4001979F1 /* CharacterServiceMock.swift */; };
		3AE5C78921486688001979F1 /* EnumDefinition.swift in Sources */ = {isa = PBXBuildFile; fileRef = 3AE5C78821486688001979F1 /* EnumDefinition.swift */; };
		3AFBE0082149725A009ACA31 /* UIColorExtensionTests.swift in Sources */ = {isa = PBXBuildFile; fileRef = 3AFBE0072149725A009ACA31 /* UIColorExtensionTests.swift */; };
		3AFBE00A214978BE009ACA31 /* UIImageExtensionTests.swift in Sources */ = {isa = PBXBuildFile; fileRef = 3AFBE009214978BE009ACA31 /* UIImageExtensionTests.swift */; };
		3AFBE00C214982D0009ACA31 /* UINavigationControllerExtensionTests.swift in Sources */ = {isa = PBXBuildFile; fileRef = 3AFBE00B214982D0009ACA31 /* UINavigationControllerExtensionTests.swift */; };
		3AFBE00F2149932E009ACA31 /* NetworkTests.swift in Sources */ = {isa = PBXBuildFile; fileRef = 3AFBE00E2149932E009ACA31 /* NetworkTests.swift */; };
		3AFBE01221499DBA009ACA31 /* CharacterServiceTests.swift in Sources */ = {isa = PBXBuildFile; fileRef = 3AFBE01121499DBA009ACA31 /* CharacterServiceTests.swift */; };
		3AFBE0192149AB9D009ACA31 /* CharacterListCellTests.swift in Sources */ = {isa = PBXBuildFile; fileRef = 3AFBE0182149AB9D009ACA31 /* CharacterListCellTests.swift */; };
		3AFBE01D2149BE8B009ACA31 /* UIViewControllerExtensionTests.swift in Sources */ = {isa = PBXBuildFile; fileRef = 3AFBE01C2149BE8B009ACA31 /* UIViewControllerExtensionTests.swift */; };
		AD9C25F128565666C54969A1 /* Pods_Marvel.framework in Frameworks */ = {isa = PBXBuildFile; fileRef = 6FE0FD037E753D95053DD702 /* Pods_Marvel.framework */; };
		CE7D3371A2F8ACE5A2B9F193 /* Pods_MarvelTests.framework in Frameworks */ = {isa = PBXBuildFile; fileRef = 04127CA8AC64FCFDE4375E36 /* Pods_MarvelTests.framework */; };
		E333DDDF20E6A9A80031E6AA /* Main.storyboard in Resources */ = {isa = PBXBuildFile; fileRef = E36937C220E18567009B9EFC /* Main.storyboard */; };
		E333DDE020E6A9B70031E6AA /* CharacterDetailComicCell.swift in Sources */ = {isa = PBXBuildFile; fileRef = E3F2B19C20E2A25B004A3E59 /* CharacterDetailComicCell.swift */; };
		E333DDE120E6A9BA0031E6AA /* CharacterListCell.swift in Sources */ = {isa = PBXBuildFile; fileRef = E3F2B19420E28AB8004A3E59 /* CharacterListCell.swift */; };
		E333DDE220E6A9BF0031E6AA /* EnumDefinition.swift in Sources */ = {isa = PBXBuildFile; fileRef = E3F2B1C820E3CB73004A3E59 /* EnumDefinition.swift */; };
		E333DDE420E6A9C80031E6AA /* UIColorExtension.swift in Sources */ = {isa = PBXBuildFile; fileRef = E3F2B17820E281A5004A3E59 /* UIColorExtension.swift */; };
		E333DDE520E6A9CB0031E6AA /* UIImageExtension.swift in Sources */ = {isa = PBXBuildFile; fileRef = E316738B20E523F100442A55 /* UIImageExtension.swift */; };
		E333DDE620E6A9CE0031E6AA /* UINavigationControllerExtension.swift in Sources */ = {isa = PBXBuildFile; fileRef = E3F2B19820E2987E004A3E59 /* UINavigationControllerExtension.swift */; };
		E333DDE720E6A9D00031E6AA /* UIViewControllerExtension.swift in Sources */ = {isa = PBXBuildFile; fileRef = E3D807D920E422D100CC9040 /* UIViewControllerExtension.swift */; };
		E333DDE920E6A9EE0031E6AA /* Character.swift in Sources */ = {isa = PBXBuildFile; fileRef = E3F2B1D620E3F813004A3E59 /* Character.swift */; };
		E333DDEA20E6A9F60031E6AA /* Comic.swift in Sources */ = {isa = PBXBuildFile; fileRef = E3F2B1D820E3F87D004A3E59 /* Comic.swift */; };
		E333DDEC20E6AA030031E6AA /* Items.swift in Sources */ = {isa = PBXBuildFile; fileRef = E3F2B1DC20E3F8E3004A3E59 /* Items.swift */; };
		E333DDEF20E6AA0C0031E6AA /* Thumbnail.swift in Sources */ = {isa = PBXBuildFile; fileRef = E3F2B1E220E3F971004A3E59 /* Thumbnail.swift */; };
		E333DDF020E6AA110031E6AA /* CharacterService.swift in Sources */ = {isa = PBXBuildFile; fileRef = E3F2B1CA20E3CBD4004A3E59 /* CharacterService.swift */; };
		E333DDF120E6AA1C0031E6AA /* UIImageViewCustom.swift in Sources */ = {isa = PBXBuildFile; fileRef = E3F2B19620E28E3F004A3E59 /* UIImageViewCustom.swift */; };
		E333DDF320E6AA240031E6AA /* PlistUtil.swift in Sources */ = {isa = PBXBuildFile; fileRef = E3F2B1D020E3CC9B004A3E59 /* PlistUtil.swift */; };
		E333DDF420E6AA290031E6AA /* BaseViewController.swift in Sources */ = {isa = PBXBuildFile; fileRef = E3F2B1C220E2BD3B004A3E59 /* BaseViewController.swift */; };
		E333DDF520E6AA2B0031E6AA /* CharacterDetailViewController.swift in Sources */ = {isa = PBXBuildFile; fileRef = E3F2B19A20E2990F004A3E59 /* CharacterDetailViewController.swift */; };
		E333DDF620E6AA2E0031E6AA /* CharacterListViewController.swift in Sources */ = {isa = PBXBuildFile; fileRef = E340B91420E195390061AFD6 /* CharacterListViewController.swift */; };
		E333DDF720E6AA330031E6AA /* CharacterDetailPresenter.swift in Sources */ = {isa = PBXBuildFile; fileRef = E3D807DB20E4384500CC9040 /* CharacterDetailPresenter.swift */; };
		E333DDF820E6AA350031E6AA /* CharacterListPresenter.swift in Sources */ = {isa = PBXBuildFile; fileRef = E3F2B1D320E3D0B6004A3E59 /* CharacterListPresenter.swift */; };
		E333DE0020E6BCAF0031E6AA /* XCTestCaseBase.swift in Sources */ = {isa = PBXBuildFile; fileRef = E333DDFF20E6BCAF0031E6AA /* XCTestCaseBase.swift */; };
		E333DE0220E6E1C80031E6AA /* CharacterDetailViewControllerTests.swift in Sources */ = {isa = PBXBuildFile; fileRef = E333DE0120E6E1C80031E6AA /* CharacterDetailViewControllerTests.swift */; };
		E36937BF20E18567009B9EFC /* AppDelegate.swift in Sources */ = {isa = PBXBuildFile; fileRef = E36937BE20E18567009B9EFC /* AppDelegate.swift */; };
		E36937C620E18568009B9EFC /* Assets.xcassets in Resources */ = {isa = PBXBuildFile; fileRef = E36937C520E18568009B9EFC /* Assets.xcassets */; };
		E36937C920E18568009B9EFC /* LaunchScreen.storyboard in Resources */ = {isa = PBXBuildFile; fileRef = E36937C720E18568009B9EFC /* LaunchScreen.storyboard */; };
		E3F2B1B020E2B4F6004A3E59 /* BarlowCondensed-ExtraBold.ttf in Resources */ = {isa = PBXBuildFile; fileRef = E3F2B19E20E2B4DF004A3E59 /* BarlowCondensed-ExtraBold.ttf */; };
		E3F2B1B120E2B4F6004A3E59 /* BarlowCondensed-ExtraLight.ttf in Resources */ = {isa = PBXBuildFile; fileRef = E3F2B19F20E2B4DF004A3E59 /* BarlowCondensed-ExtraLight.ttf */; };
		E3F2B1B220E2B4F6004A3E59 /* BarlowCondensed-Italic.ttf in Resources */ = {isa = PBXBuildFile; fileRef = E3F2B1A020E2B4E0004A3E59 /* BarlowCondensed-Italic.ttf */; };
		E3F2B1B320E2B4F6004A3E59 /* BarlowCondensed-BoldItalic.ttf in Resources */ = {isa = PBXBuildFile; fileRef = E3F2B1A120E2B4E1004A3E59 /* BarlowCondensed-BoldItalic.ttf */; };
		E3F2B1B420E2B4F6004A3E59 /* BarlowCondensed-LightItalic.ttf in Resources */ = {isa = PBXBuildFile; fileRef = E3F2B1A220E2B4E2004A3E59 /* BarlowCondensed-LightItalic.ttf */; };
		E3F2B1B520E2B4F6004A3E59 /* BarlowCondensed-MediumItalic.ttf in Resources */ = {isa = PBXBuildFile; fileRef = E3F2B1A320E2B4E4004A3E59 /* BarlowCondensed-MediumItalic.ttf */; };
		E3F2B1B620E2B4F6004A3E59 /* BarlowCondensed-SemiBold.ttf in Resources */ = {isa = PBXBuildFile; fileRef = E3F2B1A420E2B4E5004A3E59 /* BarlowCondensed-SemiBold.ttf */; };
		E3F2B1B720E2B4F6004A3E59 /* BarlowCondensed-ExtraBoldItalic.ttf in Resources */ = {isa = PBXBuildFile; fileRef = E3F2B1A520E2B4E7004A3E59 /* BarlowCondensed-ExtraBoldItalic.ttf */; };
		E3F2B1B820E2B4F6004A3E59 /* BarlowCondensed-SemiBoldItalic.ttf in Resources */ = {isa = PBXBuildFile; fileRef = E3F2B1A620E2B4E9004A3E59 /* BarlowCondensed-SemiBoldItalic.ttf */; };
		E3F2B1B920E2B4F6004A3E59 /* BarlowCondensed-Medium.ttf in Resources */ = {isa = PBXBuildFile; fileRef = E3F2B1A720E2B4EB004A3E59 /* BarlowCondensed-Medium.ttf */; };
		E3F2B1BA20E2B4F6004A3E59 /* BarlowCondensed-Regular.ttf in Resources */ = {isa = PBXBuildFile; fileRef = E3F2B1A820E2B4EB004A3E59 /* BarlowCondensed-Regular.ttf */; };
		E3F2B1BB20E2B4F6004A3E59 /* BarlowCondensed-Bold.ttf in Resources */ = {isa = PBXBuildFile; fileRef = E3F2B1A920E2B4EC004A3E59 /* BarlowCondensed-Bold.ttf */; };
		E3F2B1BC20E2B4F6004A3E59 /* BarlowCondensed-BlackItalic.ttf in Resources */ = {isa = PBXBuildFile; fileRef = E3F2B1AA20E2B4EE004A3E59 /* BarlowCondensed-BlackItalic.ttf */; };
		E3F2B1BD20E2B4F6004A3E59 /* BarlowCondensed-Thin.ttf in Resources */ = {isa = PBXBuildFile; fileRef = E3F2B1AB20E2B4EF004A3E59 /* BarlowCondensed-Thin.ttf */; };
		E3F2B1BE20E2B4F6004A3E59 /* BarlowCondensed-ExtraLightItalic.ttf in Resources */ = {isa = PBXBuildFile; fileRef = E3F2B1AC20E2B4F0004A3E59 /* BarlowCondensed-ExtraLightItalic.ttf */; };
		E3F2B1BF20E2B4F6004A3E59 /* BarlowCondensed-Black.ttf in Resources */ = {isa = PBXBuildFile; fileRef = E3F2B1AD20E2B4F1004A3E59 /* BarlowCondensed-Black.ttf */; };
		E3F2B1C020E2B4F6004A3E59 /* BarlowCondensed-Light.ttf in Resources */ = {isa = PBXBuildFile; fileRef = E3F2B1AE20E2B4F2004A3E59 /* BarlowCondensed-Light.ttf */; };
		E3F2B1C120E2B4F6004A3E59 /* BarlowCondensed-ThinItalic.ttf in Resources */ = {isa = PBXBuildFile; fileRef = E3F2B1AF20E2B4F3004A3E59 /* BarlowCondensed-ThinItalic.ttf */; };
/* End PBXBuildFile section */

/* Begin PBXContainerItemProxy section */
		E36937D020E18568009B9EFC /* PBXContainerItemProxy */ = {
			isa = PBXContainerItemProxy;
			containerPortal = E36937B320E18567009B9EFC /* Project object */;
			proxyType = 1;
			remoteGlobalIDString = E36937BA20E18567009B9EFC;
			remoteInfo = Marvel;
		};
/* End PBXContainerItemProxy section */

/* Begin PBXFileReference section */
		04127CA8AC64FCFDE4375E36 /* Pods_MarvelTests.framework */ = {isa = PBXFileReference; explicitFileType = wrapper.framework; includeInIndex = 0; path = Pods_MarvelTests.framework; sourceTree = BUILT_PRODUCTS_DIR; };
		10E185B87EB639D560253466 /* Pods-MarvelUITests.release.xcconfig */ = {isa = PBXFileReference; includeInIndex = 1; lastKnownFileType = text.xcconfig; name = "Pods-MarvelUITests.release.xcconfig"; path = "Pods/Target Support Files/Pods-MarvelUITests/Pods-MarvelUITests.release.xcconfig"; sourceTree = "<group>"; };
		1302656D2EF7B88C0B0FE6CF /* Pods-Marvel.debug.xcconfig */ = {isa = PBXFileReference; includeInIndex = 1; lastKnownFileType = text.xcconfig; name = "Pods-Marvel.debug.xcconfig"; path = "Pods/Target Support Files/Pods-Marvel/Pods-Marvel.debug.xcconfig"; sourceTree = "<group>"; };
		3A10DA65217688EB00D37655 /* UIImageViewCustomTests.swift */ = {isa = PBXFileReference; lastKnownFileType = sourcecode.swift; path = UIImageViewCustomTests.swift; sourceTree = "<group>"; };
		3A10DA672176971100D37655 /* UrlExtensionTests.swift */ = {isa = PBXFileReference; lastKnownFileType = sourcecode.swift; path = UrlExtensionTests.swift; sourceTree = "<group>"; };
		3A2DB870216BB8E200D5A17E /* UrlExtension.swift */ = {isa = PBXFileReference; lastKnownFileType = sourcecode.swift; path = UrlExtension.swift; sourceTree = "<group>"; };
		3A2DB872216BD4F400D5A17E /* Network.swift */ = {isa = PBXFileReference; lastKnownFileType = sourcecode.swift; path = Network.swift; sourceTree = "<group>"; };
		3A4031C4217671B400383372 /* GoogleService-Info.plist */ = {isa = PBXFileReference; fileEncoding = 4; lastKnownFileType = text.plist.xml; path = "GoogleService-Info.plist"; sourceTree = "<group>"; };
		3A5D59D82176DF9700BFDDA3 /* BaseViewControllerTests.swift */ = {isa = PBXFileReference; lastKnownFileType = sourcecode.swift; path = BaseViewControllerTests.swift; sourceTree = "<group>"; };
		3A66583521829F5E007475D9 /* CharacterListPresenterMock.swift */ = {isa = PBXFileReference; lastKnownFileType = sourcecode.swift; path = CharacterListPresenterMock.swift; sourceTree = "<group>"; };
		3A710926211B28DA00F27724 /* Protocols.swift */ = {isa = PBXFileReference; lastKnownFileType = sourcecode.swift; path = Protocols.swift; sourceTree = "<group>"; };
		3A710928211B6B0C00F27724 /* main.swift */ = {isa = PBXFileReference; lastKnownFileType = sourcecode.swift; path = main.swift; sourceTree = "<group>"; };
		3A71092C211B709000F27724 /* CharacterDetailPresenterMock.swift */ = {isa = PBXFileReference; lastKnownFileType = sourcecode.swift; path = CharacterDetailPresenterMock.swift; sourceTree = "<group>"; };
		3A71092F211B743300F27724 /* CharacterMock.swift */ = {isa = PBXFileReference; lastKnownFileType = sourcecode.swift; path = CharacterMock.swift; sourceTree = "<group>"; };
		3A710934211BA0D500F27724 /* CharacterDetailComicCellTests.swift */ = {isa = PBXFileReference; lastKnownFileType = sourcecode.swift; path = CharacterDetailComicCellTests.swift; sourceTree = "<group>"; };
		3A962FA02176D16D00385727 /* Info.plist */ = {isa = PBXFileReference; lastKnownFileType = text.plist.xml; path = Info.plist; sourceTree = "<group>"; };
		3A962FA62176D18F00385727 /* ScreenshotsTestsUI.swift */ = {isa = PBXFileReference; fileEncoding = 4; lastKnownFileType = sourcecode.swift; path = ScreenshotsTestsUI.swift; sourceTree = "<group>"; };
		3A962FA72176D18F00385727 /* SnapshotHelper.swift */ = {isa = PBXFileReference; fileEncoding = 4; lastKnownFileType = sourcecode.swift; path = SnapshotHelper.swift; sourceTree = "<group>"; };
		3AB85D462177754500C7C944 /* PlistUtilTests.swift */ = {isa = PBXFileReference; lastKnownFileType = sourcecode.swift; path = PlistUtilTests.swift; sourceTree = "<group>"; };
		3AE5C77E21471F8D001979F1 /* CharacterListViewControllerTests.swift */ = {isa = PBXFileReference; lastKnownFileType = sourcecode.swift; path = CharacterListViewControllerTests.swift; sourceTree = "<group>"; };
		3AE5C783214846B4001979F1 /* CharacterServiceMock.swift */ = {isa = PBXFileReference; lastKnownFileType = sourcecode.swift; path = CharacterServiceMock.swift; sourceTree = "<group>"; };
		3AE5C78821486688001979F1 /* EnumDefinition.swift */ = {isa = PBXFileReference; lastKnownFileType = sourcecode.swift; path = EnumDefinition.swift; sourceTree = "<group>"; };
		3AFBE0072149725A009ACA31 /* UIColorExtensionTests.swift */ = {isa = PBXFileReference; lastKnownFileType = sourcecode.swift; path = UIColorExtensionTests.swift; sourceTree = "<group>"; };
		3AFBE009214978BE009ACA31 /* UIImageExtensionTests.swift */ = {isa = PBXFileReference; lastKnownFileType = sourcecode.swift; path = UIImageExtensionTests.swift; sourceTree = "<group>"; };
		3AFBE00B214982D0009ACA31 /* UINavigationControllerExtensionTests.swift */ = {isa = PBXFileReference; lastKnownFileType = sourcecode.swift; path = UINavigationControllerExtensionTests.swift; sourceTree = "<group>"; };
		3AFBE00E2149932E009ACA31 /* NetworkTests.swift */ = {isa = PBXFileReference; lastKnownFileType = sourcecode.swift; path = NetworkTests.swift; sourceTree = "<group>"; };
		3AFBE01121499DBA009ACA31 /* CharacterServiceTests.swift */ = {isa = PBXFileReference; lastKnownFileType = sourcecode.swift; path = CharacterServiceTests.swift; sourceTree = "<group>"; };
		3AFBE0182149AB9D009ACA31 /* CharacterListCellTests.swift */ = {isa = PBXFileReference; lastKnownFileType = sourcecode.swift; path = CharacterListCellTests.swift; sourceTree = "<group>"; };
		3AFBE01C2149BE8B009ACA31 /* UIViewControllerExtensionTests.swift */ = {isa = PBXFileReference; lastKnownFileType = sourcecode.swift; path = UIViewControllerExtensionTests.swift; sourceTree = "<group>"; };
		4D95E01129404D479079C0A6 /* Pods-MarvelUITests.debug.xcconfig */ = {isa = PBXFileReference; includeInIndex = 1; lastKnownFileType = text.xcconfig; name = "Pods-MarvelUITests.debug.xcconfig"; path = "Pods/Target Support Files/Pods-MarvelUITests/Pods-MarvelUITests.debug.xcconfig"; sourceTree = "<group>"; };
		4EACFD1AFA8E09E4BF2D1C69 /* Pods_MarvelUITests.framework */ = {isa = PBXFileReference; explicitFileType = wrapper.framework; includeInIndex = 0; path = Pods_MarvelUITests.framework; sourceTree = BUILT_PRODUCTS_DIR; };
		6AB407FA551941642A6B82FF /* Pods-MarvelTests.release.xcconfig */ = {isa = PBXFileReference; includeInIndex = 1; lastKnownFileType = text.xcconfig; name = "Pods-MarvelTests.release.xcconfig"; path = "Pods/Target Support Files/Pods-MarvelTests/Pods-MarvelTests.release.xcconfig"; sourceTree = "<group>"; };
		6FE0FD037E753D95053DD702 /* Pods_Marvel.framework */ = {isa = PBXFileReference; explicitFileType = wrapper.framework; includeInIndex = 0; path = Pods_Marvel.framework; sourceTree = BUILT_PRODUCTS_DIR; };
		C55B07CB8F504207615EE235 /* Pods-Marvel.release.xcconfig */ = {isa = PBXFileReference; includeInIndex = 1; lastKnownFileType = text.xcconfig; name = "Pods-Marvel.release.xcconfig"; path = "Pods/Target Support Files/Pods-Marvel/Pods-Marvel.release.xcconfig"; sourceTree = "<group>"; };
		DC7DD1E24773DE64E67E306A /* Pods-MarvelTests.debug.xcconfig */ = {isa = PBXFileReference; includeInIndex = 1; lastKnownFileType = text.xcconfig; name = "Pods-MarvelTests.debug.xcconfig"; path = "Pods/Target Support Files/Pods-MarvelTests/Pods-MarvelTests.debug.xcconfig"; sourceTree = "<group>"; };
		E316738B20E523F100442A55 /* UIImageExtension.swift */ = {isa = PBXFileReference; lastKnownFileType = sourcecode.swift; path = UIImageExtension.swift; sourceTree = "<group>"; };
		E333DDFF20E6BCAF0031E6AA /* XCTestCaseBase.swift */ = {isa = PBXFileReference; lastKnownFileType = sourcecode.swift; path = XCTestCaseBase.swift; sourceTree = "<group>"; };
		E333DE0120E6E1C80031E6AA /* CharacterDetailViewControllerTests.swift */ = {isa = PBXFileReference; lastKnownFileType = sourcecode.swift; path = CharacterDetailViewControllerTests.swift; sourceTree = "<group>"; };
		E340B91420E195390061AFD6 /* CharacterListViewController.swift */ = {isa = PBXFileReference; lastKnownFileType = sourcecode.swift; path = CharacterListViewController.swift; sourceTree = "<group>"; };
		E36937BB20E18567009B9EFC /* Marvel.app */ = {isa = PBXFileReference; explicitFileType = wrapper.application; includeInIndex = 0; path = Marvel.app; sourceTree = BUILT_PRODUCTS_DIR; };
		E36937BE20E18567009B9EFC /* AppDelegate.swift */ = {isa = PBXFileReference; lastKnownFileType = sourcecode.swift; path = AppDelegate.swift; sourceTree = "<group>"; };
		E36937C320E18567009B9EFC /* Base */ = {isa = PBXFileReference; lastKnownFileType = file.storyboard; name = Base; path = Base.lproj/Main.storyboard; sourceTree = "<group>"; };
		E36937C520E18568009B9EFC /* Assets.xcassets */ = {isa = PBXFileReference; lastKnownFileType = folder.assetcatalog; path = Assets.xcassets; sourceTree = "<group>"; };
		E36937C820E18568009B9EFC /* Base */ = {isa = PBXFileReference; lastKnownFileType = file.storyboard; name = Base; path = Base.lproj/LaunchScreen.storyboard; sourceTree = "<group>"; };
		E36937CA20E18568009B9EFC /* Info.plist */ = {isa = PBXFileReference; lastKnownFileType = text.plist.xml; path = Info.plist; sourceTree = "<group>"; };
		E36937CF20E18568009B9EFC /* MarvelTests.xctest */ = {isa = PBXFileReference; explicitFileType = wrapper.cfbundle; includeInIndex = 0; path = MarvelTests.xctest; sourceTree = BUILT_PRODUCTS_DIR; };
		E36937D520E18568009B9EFC /* Info.plist */ = {isa = PBXFileReference; lastKnownFileType = text.plist.xml; path = Info.plist; sourceTree = "<group>"; };
		E3D807D920E422D100CC9040 /* UIViewControllerExtension.swift */ = {isa = PBXFileReference; lastKnownFileType = sourcecode.swift; path = UIViewControllerExtension.swift; sourceTree = "<group>"; };
		E3D807DB20E4384500CC9040 /* CharacterDetailPresenter.swift */ = {isa = PBXFileReference; lastKnownFileType = sourcecode.swift; path = CharacterDetailPresenter.swift; sourceTree = "<group>"; };
		E3F2B17820E281A5004A3E59 /* UIColorExtension.swift */ = {isa = PBXFileReference; lastKnownFileType = sourcecode.swift; path = UIColorExtension.swift; sourceTree = "<group>"; };
		E3F2B19420E28AB8004A3E59 /* CharacterListCell.swift */ = {isa = PBXFileReference; lastKnownFileType = sourcecode.swift; path = CharacterListCell.swift; sourceTree = "<group>"; };
		E3F2B19620E28E3F004A3E59 /* UIImageViewCustom.swift */ = {isa = PBXFileReference; lastKnownFileType = sourcecode.swift; path = UIImageViewCustom.swift; sourceTree = "<group>"; };
		E3F2B19820E2987E004A3E59 /* UINavigationControllerExtension.swift */ = {isa = PBXFileReference; lastKnownFileType = sourcecode.swift; path = UINavigationControllerExtension.swift; sourceTree = "<group>"; };
		E3F2B19A20E2990F004A3E59 /* CharacterDetailViewController.swift */ = {isa = PBXFileReference; lastKnownFileType = sourcecode.swift; path = CharacterDetailViewController.swift; sourceTree = "<group>"; };
		E3F2B19C20E2A25B004A3E59 /* CharacterDetailComicCell.swift */ = {isa = PBXFileReference; lastKnownFileType = sourcecode.swift; path = CharacterDetailComicCell.swift; sourceTree = "<group>"; };
		E3F2B19E20E2B4DF004A3E59 /* BarlowCondensed-ExtraBold.ttf */ = {isa = PBXFileReference; lastKnownFileType = file; path = "BarlowCondensed-ExtraBold.ttf"; sourceTree = "<group>"; };
		E3F2B19F20E2B4DF004A3E59 /* BarlowCondensed-ExtraLight.ttf */ = {isa = PBXFileReference; lastKnownFileType = file; path = "BarlowCondensed-ExtraLight.ttf"; sourceTree = "<group>"; };
		E3F2B1A020E2B4E0004A3E59 /* BarlowCondensed-Italic.ttf */ = {isa = PBXFileReference; lastKnownFileType = file; path = "BarlowCondensed-Italic.ttf"; sourceTree = "<group>"; };
		E3F2B1A120E2B4E1004A3E59 /* BarlowCondensed-BoldItalic.ttf */ = {isa = PBXFileReference; lastKnownFileType = file; path = "BarlowCondensed-BoldItalic.ttf"; sourceTree = "<group>"; };
		E3F2B1A220E2B4E2004A3E59 /* BarlowCondensed-LightItalic.ttf */ = {isa = PBXFileReference; lastKnownFileType = file; path = "BarlowCondensed-LightItalic.ttf"; sourceTree = "<group>"; };
		E3F2B1A320E2B4E4004A3E59 /* BarlowCondensed-MediumItalic.ttf */ = {isa = PBXFileReference; lastKnownFileType = file; path = "BarlowCondensed-MediumItalic.ttf"; sourceTree = "<group>"; };
		E3F2B1A420E2B4E5004A3E59 /* BarlowCondensed-SemiBold.ttf */ = {isa = PBXFileReference; lastKnownFileType = file; path = "BarlowCondensed-SemiBold.ttf"; sourceTree = "<group>"; };
		E3F2B1A520E2B4E7004A3E59 /* BarlowCondensed-ExtraBoldItalic.ttf */ = {isa = PBXFileReference; lastKnownFileType = file; path = "BarlowCondensed-ExtraBoldItalic.ttf"; sourceTree = "<group>"; };
		E3F2B1A620E2B4E9004A3E59 /* BarlowCondensed-SemiBoldItalic.ttf */ = {isa = PBXFileReference; lastKnownFileType = file; path = "BarlowCondensed-SemiBoldItalic.ttf"; sourceTree = "<group>"; };
		E3F2B1A720E2B4EB004A3E59 /* BarlowCondensed-Medium.ttf */ = {isa = PBXFileReference; lastKnownFileType = file; path = "BarlowCondensed-Medium.ttf"; sourceTree = "<group>"; };
		E3F2B1A820E2B4EB004A3E59 /* BarlowCondensed-Regular.ttf */ = {isa = PBXFileReference; lastKnownFileType = file; path = "BarlowCondensed-Regular.ttf"; sourceTree = "<group>"; };
		E3F2B1A920E2B4EC004A3E59 /* BarlowCondensed-Bold.ttf */ = {isa = PBXFileReference; lastKnownFileType = file; path = "BarlowCondensed-Bold.ttf"; sourceTree = "<group>"; };
		E3F2B1AA20E2B4EE004A3E59 /* BarlowCondensed-BlackItalic.ttf */ = {isa = PBXFileReference; lastKnownFileType = file; path = "BarlowCondensed-BlackItalic.ttf"; sourceTree = "<group>"; };
		E3F2B1AB20E2B4EF004A3E59 /* BarlowCondensed-Thin.ttf */ = {isa = PBXFileReference; lastKnownFileType = file; path = "BarlowCondensed-Thin.ttf"; sourceTree = "<group>"; };
		E3F2B1AC20E2B4F0004A3E59 /* BarlowCondensed-ExtraLightItalic.ttf */ = {isa = PBXFileReference; lastKnownFileType = file; path = "BarlowCondensed-ExtraLightItalic.ttf"; sourceTree = "<group>"; };
		E3F2B1AD20E2B4F1004A3E59 /* BarlowCondensed-Black.ttf */ = {isa = PBXFileReference; lastKnownFileType = file; path = "BarlowCondensed-Black.ttf"; sourceTree = "<group>"; };
		E3F2B1AE20E2B4F2004A3E59 /* BarlowCondensed-Light.ttf */ = {isa = PBXFileReference; lastKnownFileType = file; path = "BarlowCondensed-Light.ttf"; sourceTree = "<group>"; };
		E3F2B1AF20E2B4F3004A3E59 /* BarlowCondensed-ThinItalic.ttf */ = {isa = PBXFileReference; lastKnownFileType = file; path = "BarlowCondensed-ThinItalic.ttf"; sourceTree = "<group>"; };
		E3F2B1C220E2BD3B004A3E59 /* BaseViewController.swift */ = {isa = PBXFileReference; lastKnownFileType = sourcecode.swift; path = BaseViewController.swift; sourceTree = "<group>"; };
		E3F2B1C820E3CB73004A3E59 /* EnumDefinition.swift */ = {isa = PBXFileReference; lastKnownFileType = sourcecode.swift; path = EnumDefinition.swift; sourceTree = "<group>"; };
		E3F2B1CA20E3CBD4004A3E59 /* CharacterService.swift */ = {isa = PBXFileReference; lastKnownFileType = sourcecode.swift; path = CharacterService.swift; sourceTree = "<group>"; };
		E3F2B1D020E3CC9B004A3E59 /* PlistUtil.swift */ = {isa = PBXFileReference; lastKnownFileType = sourcecode.swift; path = PlistUtil.swift; sourceTree = "<group>"; };
		E3F2B1D320E3D0B6004A3E59 /* CharacterListPresenter.swift */ = {isa = PBXFileReference; lastKnownFileType = sourcecode.swift; path = CharacterListPresenter.swift; sourceTree = "<group>"; };
		E3F2B1D620E3F813004A3E59 /* Character.swift */ = {isa = PBXFileReference; lastKnownFileType = sourcecode.swift; path = Character.swift; sourceTree = "<group>"; };
		E3F2B1D820E3F87D004A3E59 /* Comic.swift */ = {isa = PBXFileReference; lastKnownFileType = sourcecode.swift; path = Comic.swift; sourceTree = "<group>"; };
		E3F2B1DC20E3F8E3004A3E59 /* Items.swift */ = {isa = PBXFileReference; lastKnownFileType = sourcecode.swift; path = Items.swift; sourceTree = "<group>"; };
		E3F2B1E220E3F971004A3E59 /* Thumbnail.swift */ = {isa = PBXFileReference; lastKnownFileType = sourcecode.swift; path = Thumbnail.swift; sourceTree = "<group>"; };
/* End PBXFileReference section */

/* Begin PBXFrameworksBuildPhase section */
		E36937B820E18567009B9EFC /* Frameworks */ = {
			isa = PBXFrameworksBuildPhase;
			buildActionMask = 2147483647;
			files = (
				AD9C25F128565666C54969A1 /* Pods_Marvel.framework in Frameworks */,
			);
			runOnlyForDeploymentPostprocessing = 0;
		};
		E36937CC20E18568009B9EFC /* Frameworks */ = {
			isa = PBXFrameworksBuildPhase;
			buildActionMask = 2147483647;
			files = (
				CE7D3371A2F8ACE5A2B9F193 /* Pods_MarvelTests.framework in Frameworks */,
			);
			runOnlyForDeploymentPostprocessing = 0;
		};
/* End PBXFrameworksBuildPhase section */

/* Begin PBXGroup section */
		3A10DA64217688D900D37655 /* Components */ = {
			isa = PBXGroup;
			children = (
				3A10DA65217688EB00D37655 /* UIImageViewCustomTests.swift */,
			);
			path = Components;
			sourceTree = "<group>";
		};
		3A5D59D72176DF8800BFDDA3 /* Generic */ = {
			isa = PBXGroup;
			children = (
				3A5D59D82176DF9700BFDDA3 /* BaseViewControllerTests.swift */,
			);
			path = Generic;
			sourceTree = "<group>";
		};
		3A616D87212B45D20014A706 /* App */ = {
			isa = PBXGroup;
			children = (
				E36937BE20E18567009B9EFC /* AppDelegate.swift */,
				3A710928211B6B0C00F27724 /* main.swift */,
			);
			path = App;
			sourceTree = "<group>";
		};
		3A665832217B7EA6007475D9 /* Modules */ = {
			isa = PBXGroup;
			children = (
				3A665833217B7EB3007475D9 /* CharacterDetail */,
				3A66583421829F38007475D9 /* CharacterList */,
			);
			path = Modules;
			sourceTree = "<group>";
		};
		3A665833217B7EB3007475D9 /* CharacterDetail */ = {
			isa = PBXGroup;
			children = (
				3A71092C211B709000F27724 /* CharacterDetailPresenterMock.swift */,
			);
			path = CharacterDetail;
			sourceTree = "<group>";
		};
		3A66583421829F38007475D9 /* CharacterList */ = {
			isa = PBXGroup;
			children = (
				3A66583521829F5E007475D9 /* CharacterListPresenterMock.swift */,
			);
			path = CharacterList;
			sourceTree = "<group>";
		};
		3A71092A211B707100F27724 /* Mock */ = {
			isa = PBXGroup;
			children = (
				3A71092E211B742800F27724 /* Data */,
				3AE5C78721486676001979F1 /* Definitions */,
				3A665832217B7EA6007475D9 /* Modules */,
				3AE5C7822148466E001979F1 /* Services */,
			);
			path = Mock;
			sourceTree = "<group>";
		};
		3A71092E211B742800F27724 /* Data */ = {
			isa = PBXGroup;
			children = (
				3A71092F211B743300F27724 /* CharacterMock.swift */,
			);
			path = Data;
			sourceTree = "<group>";
		};
		3A710932211BA07400F27724 /* Generic */ = {
			isa = PBXGroup;
			children = (
				E3F2B1C220E2BD3B004A3E59 /* BaseViewController.swift */,
			);
			path = Generic;
			sourceTree = "<group>";
		};
		3A710933211BA0AB00F27724 /* CharacterDetail */ = {
			isa = PBXGroup;
			children = (
				3A710934211BA0D500F27724 /* CharacterDetailComicCellTests.swift */,
				E333DE0120E6E1C80031E6AA /* CharacterDetailViewControllerTests.swift */,
			);
			path = CharacterDetail;
			sourceTree = "<group>";
		};
		3A87343F216BDE4200F75930 /* Libraries */ = {
			isa = PBXGroup;
			children = (
				3A2DB872216BD4F400D5A17E /* Network.swift */,
			);
			path = Libraries;
			sourceTree = "<group>";
		};
		3A962F9D2176D16D00385727 /* MarvelUITests */ = {
			isa = PBXGroup;
			children = (
				3A962FA62176D18F00385727 /* ScreenshotsTestsUI.swift */,
				3A962FA72176D18F00385727 /* SnapshotHelper.swift */,
				3A962FA02176D16D00385727 /* Info.plist */,
			);
			path = MarvelUITests;
			sourceTree = "<group>";
		};
		3AB85D452177753000C7C944 /* Utils */ = {
			isa = PBXGroup;
			children = (
				3AB85D462177754500C7C944 /* PlistUtilTests.swift */,
			);
			path = Utils;
			sourceTree = "<group>";
		};
		3AB85D48217778FC00C7C944 /* SupportFiles */ = {
			isa = PBXGroup;
			children = (
				E36937D520E18568009B9EFC /* Info.plist */,
			);
			path = SupportFiles;
			sourceTree = "<group>";
		};
		3AB85D492177791E00C7C944 /* Commons */ = {
			isa = PBXGroup;
			children = (
				E333DDFF20E6BCAF0031E6AA /* XCTestCaseBase.swift */,
			);
			path = Commons;
			sourceTree = "<group>";
		};
		3AC3A1CE2169393C00D2120A /* Modules */ = {
			isa = PBXGroup;
			children = (
				3A710932211BA07400F27724 /* Generic */,
				3AC3A1D02169395F00D2120A /* CharacterDetail */,
				3AC3A1CF2169395100D2120A /* CharacterList */,
			);
			path = Modules;
			sourceTree = "<group>";
		};
		3AC3A1CF2169395100D2120A /* CharacterList */ = {
			isa = PBXGroup;
			children = (
				E3F2B19420E28AB8004A3E59 /* CharacterListCell.swift */,
				E3F2B1D320E3D0B6004A3E59 /* CharacterListPresenter.swift */,
				E340B91420E195390061AFD6 /* CharacterListViewController.swift */,
			);
			path = CharacterList;
			sourceTree = "<group>";
		};
		3AC3A1D02169395F00D2120A /* CharacterDetail */ = {
			isa = PBXGroup;
			children = (
				E3F2B19C20E2A25B004A3E59 /* CharacterDetailComicCell.swift */,
				E3D807DB20E4384500CC9040 /* CharacterDetailPresenter.swift */,
				E3F2B19A20E2990F004A3E59 /* CharacterDetailViewController.swift */,
			);
			path = CharacterDetail;
			sourceTree = "<group>";
		};
		3AE5C77D21471F72001979F1 /* CharacterList */ = {
			isa = PBXGroup;
			children = (
				3AFBE0182149AB9D009ACA31 /* CharacterListCellTests.swift */,
				3AE5C77E21471F8D001979F1 /* CharacterListViewControllerTests.swift */,
			);
			path = CharacterList;
			sourceTree = "<group>";
		};
		3AE5C7822148466E001979F1 /* Services */ = {
			isa = PBXGroup;
			children = (
				3AE5C783214846B4001979F1 /* CharacterServiceMock.swift */,
			);
			path = Services;
			sourceTree = "<group>";
		};
		3AE5C78721486676001979F1 /* Definitions */ = {
			isa = PBXGroup;
			children = (
				3AE5C78821486688001979F1 /* EnumDefinition.swift */,
			);
			path = Definitions;
			sourceTree = "<group>";
		};
		3AFA05DF215AD5FD00C22ABB /* SupportFiles */ = {
			isa = PBXGroup;
			children = (
				3A4031C4217671B400383372 /* GoogleService-Info.plist */,
				E36937CA20E18568009B9EFC /* Info.plist */,
			);
			path = SupportFiles;
			sourceTree = "<group>";
		};
		3AFBE00621497242009ACA31 /* Extensions */ = {
			isa = PBXGroup;
			children = (
				3AFBE0072149725A009ACA31 /* UIColorExtensionTests.swift */,
				3AFBE009214978BE009ACA31 /* UIImageExtensionTests.swift */,
				3AFBE00B214982D0009ACA31 /* UINavigationControllerExtensionTests.swift */,
				3AFBE01C2149BE8B009ACA31 /* UIViewControllerExtensionTests.swift */,
				3A10DA672176971100D37655 /* UrlExtensionTests.swift */,
			);
			path = Extensions;
			sourceTree = "<group>";
		};
		3AFBE00D2149931C009ACA31 /* Libraries */ = {
			isa = PBXGroup;
			children = (
				3AFBE00E2149932E009ACA31 /* NetworkTests.swift */,
			);
			path = Libraries;
			sourceTree = "<group>";
		};
		3AFBE01021499DA0009ACA31 /* Services */ = {
			isa = PBXGroup;
			children = (
				3AFBE01121499DBA009ACA31 /* CharacterServiceTests.swift */,
			);
			path = Services;
			sourceTree = "<group>";
		};
		57D50615DCDF7C71496FF028 /* Frameworks */ = {
			isa = PBXGroup;
			children = (
				6FE0FD037E753D95053DD702 /* Pods_Marvel.framework */,
				04127CA8AC64FCFDE4375E36 /* Pods_MarvelTests.framework */,
				4EACFD1AFA8E09E4BF2D1C69 /* Pods_MarvelUITests.framework */,
			);
			name = Frameworks;
			sourceTree = "<group>";
		};
		6C9B6B9C987C2ECC19F78433 /* Pods */ = {
			isa = PBXGroup;
			children = (
				1302656D2EF7B88C0B0FE6CF /* Pods-Marvel.debug.xcconfig */,
				C55B07CB8F504207615EE235 /* Pods-Marvel.release.xcconfig */,
				DC7DD1E24773DE64E67E306A /* Pods-MarvelTests.debug.xcconfig */,
				6AB407FA551941642A6B82FF /* Pods-MarvelTests.release.xcconfig */,
				4D95E01129404D479079C0A6 /* Pods-MarvelUITests.debug.xcconfig */,
				10E185B87EB639D560253466 /* Pods-MarvelUITests.release.xcconfig */,
			);
			name = Pods;
			sourceTree = "<group>";
		};
		E333DDFE20E6BC770031E6AA /* Modules */ = {
			isa = PBXGroup;
			children = (
				3A5D59D72176DF8800BFDDA3 /* Generic */,
				3A710933211BA0AB00F27724 /* CharacterDetail */,
				3AE5C77D21471F72001979F1 /* CharacterList */,
			);
			path = Modules;
			sourceTree = "<group>";
		};
		E340B91620E1954B0061AFD6 /* Storyboards */ = {
			isa = PBXGroup;
			children = (
				E36937C220E18567009B9EFC /* Main.storyboard */,
				E36937C720E18568009B9EFC /* LaunchScreen.storyboard */,
			);
			path = Storyboards;
			sourceTree = "<group>";
		};
		E36937B220E18567009B9EFC = {
			isa = PBXGroup;
			children = (
				E36937BD20E18567009B9EFC /* Marvel */,
				E36937D220E18568009B9EFC /* MarvelTests */,
				3A962F9D2176D16D00385727 /* MarvelUITests */,
				E36937BC20E18567009B9EFC /* Products */,
				6C9B6B9C987C2ECC19F78433 /* Pods */,
				57D50615DCDF7C71496FF028 /* Frameworks */,
			);
			sourceTree = "<group>";
		};
		E36937BC20E18567009B9EFC /* Products */ = {
			isa = PBXGroup;
			children = (
				E36937BB20E18567009B9EFC /* Marvel.app */,
				E36937CF20E18568009B9EFC /* MarvelTests.xctest */,
			);
			name = Products;
			sourceTree = "<group>";
		};
		E36937BD20E18567009B9EFC /* Marvel */ = {
			isa = PBXGroup;
			children = (
				3A616D87212B45D20014A706 /* App */,
				E3F2B19020E2896B004A3E59 /* Components */,
				E3F2B1C720E3CB56004A3E59 /* Definitions */,
				E3F2B17720E28186004A3E59 /* Extensions */,
				3A87343F216BDE4200F75930 /* Libraries */,
				E3F2B1D520E3F7E1004A3E59 /* Models */,
				3AC3A1CE2169393C00D2120A /* Modules */,
				E3F2B17A20E28628004A3E59 /* Resources */,
				E3F2B1C420E3BF6A004A3E59 /* Services */,
				E340B91620E1954B0061AFD6 /* Storyboards */,
				3AFA05DF215AD5FD00C22ABB /* SupportFiles */,
				E3F2B1CF20E3CC90004A3E59 /* Utils */,
			);
			path = Marvel;
			sourceTree = "<group>";
		};
		E36937D220E18568009B9EFC /* MarvelTests */ = {
			isa = PBXGroup;
			children = (
				3AB85D492177791E00C7C944 /* Commons */,
				3A10DA64217688D900D37655 /* Components */,
				3AFBE00621497242009ACA31 /* Extensions */,
				3AFBE00D2149931C009ACA31 /* Libraries */,
				3A71092A211B707100F27724 /* Mock */,
				E333DDFE20E6BC770031E6AA /* Modules */,
				3AFBE01021499DA0009ACA31 /* Services */,
				3AB85D48217778FC00C7C944 /* SupportFiles */,
				3AB85D452177753000C7C944 /* Utils */,
			);
			path = MarvelTests;
			sourceTree = "<group>";
		};
		E3F2B17720E28186004A3E59 /* Extensions */ = {
			isa = PBXGroup;
			children = (
				E3F2B17820E281A5004A3E59 /* UIColorExtension.swift */,
				E316738B20E523F100442A55 /* UIImageExtension.swift */,
				E3F2B19820E2987E004A3E59 /* UINavigationControllerExtension.swift */,
				E3D807D920E422D100CC9040 /* UIViewControllerExtension.swift */,
				3A2DB870216BB8E200D5A17E /* UrlExtension.swift */,
			);
			path = Extensions;
			sourceTree = "<group>";
		};
		E3F2B17A20E28628004A3E59 /* Resources */ = {
			isa = PBXGroup;
			children = (
				E36937C520E18568009B9EFC /* Assets.xcassets */,
				E3F2B17B20E28634004A3E59 /* Fonts */,
			);
			path = Resources;
			sourceTree = "<group>";
		};
		E3F2B17B20E28634004A3E59 /* Fonts */ = {
			isa = PBXGroup;
			children = (
				E3F2B1AD20E2B4F1004A3E59 /* BarlowCondensed-Black.ttf */,
				E3F2B1AA20E2B4EE004A3E59 /* BarlowCondensed-BlackItalic.ttf */,
				E3F2B1A920E2B4EC004A3E59 /* BarlowCondensed-Bold.ttf */,
				E3F2B1A120E2B4E1004A3E59 /* BarlowCondensed-BoldItalic.ttf */,
				E3F2B19E20E2B4DF004A3E59 /* BarlowCondensed-ExtraBold.ttf */,
				E3F2B1A520E2B4E7004A3E59 /* BarlowCondensed-ExtraBoldItalic.ttf */,
				E3F2B19F20E2B4DF004A3E59 /* BarlowCondensed-ExtraLight.ttf */,
				E3F2B1AC20E2B4F0004A3E59 /* BarlowCondensed-ExtraLightItalic.ttf */,
				E3F2B1A020E2B4E0004A3E59 /* BarlowCondensed-Italic.ttf */,
				E3F2B1AE20E2B4F2004A3E59 /* BarlowCondensed-Light.ttf */,
				E3F2B1A220E2B4E2004A3E59 /* BarlowCondensed-LightItalic.ttf */,
				E3F2B1A720E2B4EB004A3E59 /* BarlowCondensed-Medium.ttf */,
				E3F2B1A320E2B4E4004A3E59 /* BarlowCondensed-MediumItalic.ttf */,
				E3F2B1A820E2B4EB004A3E59 /* BarlowCondensed-Regular.ttf */,
				E3F2B1A420E2B4E5004A3E59 /* BarlowCondensed-SemiBold.ttf */,
				E3F2B1A620E2B4E9004A3E59 /* BarlowCondensed-SemiBoldItalic.ttf */,
				E3F2B1AB20E2B4EF004A3E59 /* BarlowCondensed-Thin.ttf */,
				E3F2B1AF20E2B4F3004A3E59 /* BarlowCondensed-ThinItalic.ttf */,
			);
			path = Fonts;
			sourceTree = "<group>";
		};
		E3F2B19020E2896B004A3E59 /* Components */ = {
			isa = PBXGroup;
			children = (
				E3F2B19620E28E3F004A3E59 /* UIImageViewCustom.swift */,
			);
			path = Components;
			sourceTree = "<group>";
		};
		E3F2B1C420E3BF6A004A3E59 /* Services */ = {
			isa = PBXGroup;
			children = (
				E3F2B1CA20E3CBD4004A3E59 /* CharacterService.swift */,
			);
			path = Services;
			sourceTree = "<group>";
		};
		E3F2B1C720E3CB56004A3E59 /* Definitions */ = {
			isa = PBXGroup;
			children = (
				E3F2B1C820E3CB73004A3E59 /* EnumDefinition.swift */,
				3A710926211B28DA00F27724 /* Protocols.swift */,
			);
			path = Definitions;
			sourceTree = "<group>";
		};
		E3F2B1CF20E3CC90004A3E59 /* Utils */ = {
			isa = PBXGroup;
			children = (
				E3F2B1D020E3CC9B004A3E59 /* PlistUtil.swift */,
			);
			path = Utils;
			sourceTree = "<group>";
		};
		E3F2B1D520E3F7E1004A3E59 /* Models */ = {
			isa = PBXGroup;
			children = (
				E3F2B1D620E3F813004A3E59 /* Character.swift */,
				E3F2B1D820E3F87D004A3E59 /* Comic.swift */,
				E3F2B1DC20E3F8E3004A3E59 /* Items.swift */,
				E3F2B1E220E3F971004A3E59 /* Thumbnail.swift */,
			);
			path = Models;
			sourceTree = "<group>";
		};
/* End PBXGroup section */

/* Begin PBXNativeTarget section */
		E36937BA20E18567009B9EFC /* Marvel */ = {
			isa = PBXNativeTarget;
			buildConfigurationList = E36937E320E18568009B9EFC /* Build configuration list for PBXNativeTarget "Marvel" */;
			buildPhases = (
				662037785B8608D2AFAB4061 /* [CP] Check Pods Manifest.lock */,
				E36937B720E18567009B9EFC /* Sources */,
				E36937B820E18567009B9EFC /* Frameworks */,
				E36937B920E18567009B9EFC /* Resources */,
				E3AC820420EED504000319FE /* SwiftLint */,
				1644967D8DD4F3E430219914 /* [CP] Embed Pods Frameworks */,
				E357ED4720EFD9E80029D2B5 /* Fabric */,
			);
			buildRules = (
			);
			dependencies = (
			);
			name = Marvel;
			productName = Marvel;
			productReference = E36937BB20E18567009B9EFC /* Marvel.app */;
			productType = "com.apple.product-type.application";
		};
		E36937CE20E18568009B9EFC /* MarvelTests */ = {
			isa = PBXNativeTarget;
			buildConfigurationList = E36937E620E18568009B9EFC /* Build configuration list for PBXNativeTarget "MarvelTests" */;
			buildPhases = (
				DBAB8ECA9346143D7A469599 /* [CP] Check Pods Manifest.lock */,
				E36937CB20E18568009B9EFC /* Sources */,
				E36937CC20E18568009B9EFC /* Frameworks */,
				E36937CD20E18568009B9EFC /* Resources */,
			);
			buildRules = (
			);
			dependencies = (
				E36937D120E18568009B9EFC /* PBXTargetDependency */,
			);
			name = MarvelTests;
			productName = MarvelTests;
			productReference = E36937CF20E18568009B9EFC /* MarvelTests.xctest */;
			productType = "com.apple.product-type.bundle.unit-test";
		};
/* End PBXNativeTarget section */

/* Begin PBXProject section */
		E36937B320E18567009B9EFC /* Project object */ = {
			isa = PBXProject;
			attributes = {
				LastSwiftUpdateCheck = 1000;
				LastUpgradeCheck = 0940;
				ORGANIZATIONNAME = "Juliano Terres";
				TargetAttributes = {
					E36937BA20E18567009B9EFC = {
						CreatedOnToolsVersion = 9.4.1;
					};
					E36937CE20E18568009B9EFC = {
						CreatedOnToolsVersion = 9.4.1;
						TestTargetID = E36937BA20E18567009B9EFC;
					};
				};
			};
			buildConfigurationList = E36937B620E18567009B9EFC /* Build configuration list for PBXProject "Marvel" */;
			compatibilityVersion = "Xcode 9.3";
			developmentRegion = en;
			hasScannedForEncodings = 0;
			knownRegions = (
				en,
				Base,
			);
			mainGroup = E36937B220E18567009B9EFC;
			productRefGroup = E36937BC20E18567009B9EFC /* Products */;
			projectDirPath = "";
			projectRoot = "";
			targets = (
				E36937BA20E18567009B9EFC /* Marvel */,
				E36937CE20E18568009B9EFC /* MarvelTests */,
			);
		};
/* End PBXProject section */

/* Begin PBXResourcesBuildPhase section */
		E36937B920E18567009B9EFC /* Resources */ = {
			isa = PBXResourcesBuildPhase;
			buildActionMask = 2147483647;
			files = (
				E333DDDF20E6A9A80031E6AA /* Main.storyboard in Resources */,
				E3F2B1C120E2B4F6004A3E59 /* BarlowCondensed-ThinItalic.ttf in Resources */,
				E3F2B1B520E2B4F6004A3E59 /* BarlowCondensed-MediumItalic.ttf in Resources */,
				E3F2B1B420E2B4F6004A3E59 /* BarlowCondensed-LightItalic.ttf in Resources */,
				E36937C920E18568009B9EFC /* LaunchScreen.storyboard in Resources */,
				E3F2B1B920E2B4F6004A3E59 /* BarlowCondensed-Medium.ttf in Resources */,
				E3F2B1C020E2B4F6004A3E59 /* BarlowCondensed-Light.ttf in Resources */,
				E3F2B1BA20E2B4F6004A3E59 /* BarlowCondensed-Regular.ttf in Resources */,
				E3F2B1BE20E2B4F6004A3E59 /* BarlowCondensed-ExtraLightItalic.ttf in Resources */,
				E3F2B1BC20E2B4F6004A3E59 /* BarlowCondensed-BlackItalic.ttf in Resources */,
				E3F2B1B020E2B4F6004A3E59 /* BarlowCondensed-ExtraBold.ttf in Resources */,
				E3F2B1B720E2B4F6004A3E59 /* BarlowCondensed-ExtraBoldItalic.ttf in Resources */,
				E3F2B1BF20E2B4F6004A3E59 /* BarlowCondensed-Black.ttf in Resources */,
				E3F2B1BB20E2B4F6004A3E59 /* BarlowCondensed-Bold.ttf in Resources */,
				E3F2B1B620E2B4F6004A3E59 /* BarlowCondensed-SemiBold.ttf in Resources */,
				E3F2B1B820E2B4F6004A3E59 /* BarlowCondensed-SemiBoldItalic.ttf in Resources */,
				E36937C620E18568009B9EFC /* Assets.xcassets in Resources */,
				E3F2B1B320E2B4F6004A3E59 /* BarlowCondensed-BoldItalic.ttf in Resources */,
				E3F2B1BD20E2B4F6004A3E59 /* BarlowCondensed-Thin.ttf in Resources */,
				3A4031C5217671B400383372 /* GoogleService-Info.plist in Resources */,
				E3F2B1B120E2B4F6004A3E59 /* BarlowCondensed-ExtraLight.ttf in Resources */,
				E3F2B1B220E2B4F6004A3E59 /* BarlowCondensed-Italic.ttf in Resources */,
			);
			runOnlyForDeploymentPostprocessing = 0;
		};
		E36937CD20E18568009B9EFC /* Resources */ = {
			isa = PBXResourcesBuildPhase;
			buildActionMask = 2147483647;
			files = (
			);
			runOnlyForDeploymentPostprocessing = 0;
		};
/* End PBXResourcesBuildPhase section */

/* Begin PBXShellScriptBuildPhase section */
		1644967D8DD4F3E430219914 /* [CP] Embed Pods Frameworks */ = {
			isa = PBXShellScriptBuildPhase;
			buildActionMask = 2147483647;
			files = (
			);
			inputPaths = (
				"${SRCROOT}/Pods/Target Support Files/Pods-Marvel/Pods-Marvel-frameworks.sh",
				"${BUILT_PRODUCTS_DIR}/Alamofire/Alamofire.framework",
				"${BUILT_PRODUCTS_DIR}/GoogleUtilities/GoogleUtilities.framework",
				"${BUILT_PRODUCTS_DIR}/Kingfisher/Kingfisher.framework",
				"${BUILT_PRODUCTS_DIR}/nanopb/nanopb.framework",
			);
			name = "[CP] Embed Pods Frameworks";
			outputPaths = (
				"${TARGET_BUILD_DIR}/${FRAMEWORKS_FOLDER_PATH}/Alamofire.framework",
				"${TARGET_BUILD_DIR}/${FRAMEWORKS_FOLDER_PATH}/GoogleUtilities.framework",
				"${TARGET_BUILD_DIR}/${FRAMEWORKS_FOLDER_PATH}/Kingfisher.framework",
				"${TARGET_BUILD_DIR}/${FRAMEWORKS_FOLDER_PATH}/nanopb.framework",
			);
			runOnlyForDeploymentPostprocessing = 0;
			shellPath = /bin/sh;
			shellScript = "\"${SRCROOT}/Pods/Target Support Files/Pods-Marvel/Pods-Marvel-frameworks.sh\"\n";
			showEnvVarsInLog = 0;
		};
		662037785B8608D2AFAB4061 /* [CP] Check Pods Manifest.lock */ = {
			isa = PBXShellScriptBuildPhase;
			buildActionMask = 2147483647;
			files = (
			);
			inputPaths = (
				"${PODS_PODFILE_DIR_PATH}/Podfile.lock",
				"${PODS_ROOT}/Manifest.lock",
			);
			name = "[CP] Check Pods Manifest.lock";
			outputPaths = (
				"$(DERIVED_FILE_DIR)/Pods-Marvel-checkManifestLockResult.txt",
			);
			runOnlyForDeploymentPostprocessing = 0;
			shellPath = /bin/sh;
			shellScript = "diff \"${PODS_PODFILE_DIR_PATH}/Podfile.lock\" \"${PODS_ROOT}/Manifest.lock\" > /dev/null\nif [ $? != 0 ] ; then\n    # print error to STDERR\n    echo \"error: The sandbox is not in sync with the Podfile.lock. Run 'pod install' or update your CocoaPods installation.\" >&2\n    exit 1\nfi\n# This output is used by Xcode 'outputs' to avoid re-running this script phase.\necho \"SUCCESS\" > \"${SCRIPT_OUTPUT_FILE_0}\"\n";
			showEnvVarsInLog = 0;
		};
		DBAB8ECA9346143D7A469599 /* [CP] Check Pods Manifest.lock */ = {
			isa = PBXShellScriptBuildPhase;
			buildActionMask = 2147483647;
			files = (
			);
			inputPaths = (
				"${PODS_PODFILE_DIR_PATH}/Podfile.lock",
				"${PODS_ROOT}/Manifest.lock",
			);
			name = "[CP] Check Pods Manifest.lock";
			outputPaths = (
				"$(DERIVED_FILE_DIR)/Pods-MarvelTests-checkManifestLockResult.txt",
			);
			runOnlyForDeploymentPostprocessing = 0;
			shellPath = /bin/sh;
			shellScript = "diff \"${PODS_PODFILE_DIR_PATH}/Podfile.lock\" \"${PODS_ROOT}/Manifest.lock\" > /dev/null\nif [ $? != 0 ] ; then\n    # print error to STDERR\n    echo \"error: The sandbox is not in sync with the Podfile.lock. Run 'pod install' or update your CocoaPods installation.\" >&2\n    exit 1\nfi\n# This output is used by Xcode 'outputs' to avoid re-running this script phase.\necho \"SUCCESS\" > \"${SCRIPT_OUTPUT_FILE_0}\"\n";
			showEnvVarsInLog = 0;
		};
		E357ED4720EFD9E80029D2B5 /* Fabric */ = {
			isa = PBXShellScriptBuildPhase;
			buildActionMask = 2147483647;
			files = (
			);
			inputPaths = (
			);
			name = Fabric;
			outputPaths = (
			);
			runOnlyForDeploymentPostprocessing = 0;
			shellPath = /bin/sh;
			shellScript = "\"${PODS_ROOT}/Fabric/run\" 3a0816458f20ebb901f5b88c67db8b530f8fea8d d9b02fe8e92ea12c9c9374f40f8e20e2d77525c46f59fe445bd9a91fc09a2045\n";
		};
		E3AC820420EED504000319FE /* SwiftLint */ = {
			isa = PBXShellScriptBuildPhase;
			buildActionMask = 2147483647;
			files = (
			);
			inputPaths = (
			);
			name = SwiftLint;
			outputPaths = (
			);
			runOnlyForDeploymentPostprocessing = 0;
			shellPath = /bin/sh;
			shellScript = "if which swiftlint >/dev/null; then\nswiftlint\nelse\necho \"warning: SwiftLint not installed, download from https://github.com/realm/SwiftLint\"\nfi";
		};
/* End PBXShellScriptBuildPhase section */

/* Begin PBXSourcesBuildPhase section */
		E36937B720E18567009B9EFC /* Sources */ = {
			isa = PBXSourcesBuildPhase;
			buildActionMask = 2147483647;
			files = (
				E333DDF820E6AA350031E6AA /* CharacterListPresenter.swift in Sources */,
				E333DDEF20E6AA0C0031E6AA /* Thumbnail.swift in Sources */,
				3A2DB871216BB8E200D5A17E /* UrlExtension.swift in Sources */,
				E333DDF620E6AA2E0031E6AA /* CharacterListViewController.swift in Sources */,
				3A2DB873216BD4F400D5A17E /* Network.swift in Sources */,
				3A710927211B28DA00F27724 /* Protocols.swift in Sources */,
				E333DDE920E6A9EE0031E6AA /* Character.swift in Sources */,
				E333DDF720E6AA330031E6AA /* CharacterDetailPresenter.swift in Sources */,
				E333DDEC20E6AA030031E6AA /* Items.swift in Sources */,
				E333DDE120E6A9BA0031E6AA /* CharacterListCell.swift in Sources */,
				E333DDE720E6A9D00031E6AA /* UIViewControllerExtension.swift in Sources */,
				E333DDF320E6AA240031E6AA /* PlistUtil.swift in Sources */,
				E333DDEA20E6A9F60031E6AA /* Comic.swift in Sources */,
				E333DDF120E6AA1C0031E6AA /* UIImageViewCustom.swift in Sources */,
				3A710929211B6B0C00F27724 /* main.swift in Sources */,
				E333DDF420E6AA290031E6AA /* BaseViewController.swift in Sources */,
				E333DDE520E6A9CB0031E6AA /* UIImageExtension.swift in Sources */,
				E333DDE220E6A9BF0031E6AA /* EnumDefinition.swift in Sources */,
				E333DDE020E6A9B70031E6AA /* CharacterDetailComicCell.swift in Sources */,
				E36937BF20E18567009B9EFC /* AppDelegate.swift in Sources */,
				E333DDF020E6AA110031E6AA /* CharacterService.swift in Sources */,
				E333DDF520E6AA2B0031E6AA /* CharacterDetailViewController.swift in Sources */,
				E333DDE420E6A9C80031E6AA /* UIColorExtension.swift in Sources */,
				E333DDE620E6A9CE0031E6AA /* UINavigationControllerExtension.swift in Sources */,
			);
			runOnlyForDeploymentPostprocessing = 0;
		};
		E36937CB20E18568009B9EFC /* Sources */ = {
			isa = PBXSourcesBuildPhase;
			buildActionMask = 2147483647;
			files = (
				3A5D59D92176DF9700BFDDA3 /* BaseViewControllerTests.swift in Sources */,
				3A71092D211B709000F27724 /* CharacterDetailPresenterMock.swift in Sources */,
				3AFBE01D2149BE8B009ACA31 /* UIViewControllerExtensionTests.swift in Sources */,
				3A66583621829F5E007475D9 /* CharacterListPresenterMock.swift in Sources */,
				3A710930211B743300F27724 /* CharacterMock.swift in Sources */,
				3A10DA66217688EB00D37655 /* UIImageViewCustomTests.swift in Sources */,
				3AFBE00A214978BE009ACA31 /* UIImageExtensionTests.swift in Sources */,
				3AFBE0192149AB9D009ACA31 /* CharacterListCellTests.swift in Sources */,
				E333DE0220E6E1C80031E6AA /* CharacterDetailViewControllerTests.swift in Sources */,
				3AFBE01221499DBA009ACA31 /* CharacterServiceTests.swift in Sources */,
				3AFBE00C214982D0009ACA31 /* UINavigationControllerExtensionTests.swift in Sources */,
				3A10DA682176971100D37655 /* UrlExtensionTests.swift in Sources */,
				3AE5C78921486688001979F1 /* EnumDefinition.swift in Sources */,
				3AFBE0082149725A009ACA31 /* UIColorExtensionTests.swift in Sources */,
				E333DE0020E6BCAF0031E6AA /* XCTestCaseBase.swift in Sources */,
				3AE5C784214846B4001979F1 /* CharacterServiceMock.swift in Sources */,
				3AB85D472177754500C7C944 /* PlistUtilTests.swift in Sources */,
				3AFBE00F2149932E009ACA31 /* NetworkTests.swift in Sources */,
				3AE5C77F21471F8D001979F1 /* CharacterListViewControllerTests.swift in Sources */,
				3A710935211BA0D500F27724 /* CharacterDetailComicCellTests.swift in Sources */,
			);
			runOnlyForDeploymentPostprocessing = 0;
		};
/* End PBXSourcesBuildPhase section */

/* Begin PBXTargetDependency section */
		E36937D120E18568009B9EFC /* PBXTargetDependency */ = {
			isa = PBXTargetDependency;
			target = E36937BA20E18567009B9EFC /* Marvel */;
			targetProxy = E36937D020E18568009B9EFC /* PBXContainerItemProxy */;
		};
/* End PBXTargetDependency section */

/* Begin PBXVariantGroup section */
		E36937C220E18567009B9EFC /* Main.storyboard */ = {
			isa = PBXVariantGroup;
			children = (
				E36937C320E18567009B9EFC /* Base */,
			);
			name = Main.storyboard;
			sourceTree = "<group>";
		};
		E36937C720E18568009B9EFC /* LaunchScreen.storyboard */ = {
			isa = PBXVariantGroup;
			children = (
				E36937C820E18568009B9EFC /* Base */,
			);
			name = LaunchScreen.storyboard;
			sourceTree = "<group>";
		};
/* End PBXVariantGroup section */

/* Begin XCBuildConfiguration section */
		E36937E120E18568009B9EFC /* Debug */ = {
			isa = XCBuildConfiguration;
			buildSettings = {
				ALWAYS_SEARCH_USER_PATHS = NO;
				CLANG_ANALYZER_NONNULL = YES;
				CLANG_ANALYZER_NUMBER_OBJECT_CONVERSION = YES_AGGRESSIVE;
				CLANG_CXX_LANGUAGE_STANDARD = "gnu++14";
				CLANG_CXX_LIBRARY = "libc++";
				CLANG_ENABLE_MODULES = YES;
				CLANG_ENABLE_OBJC_ARC = YES;
				CLANG_ENABLE_OBJC_WEAK = YES;
				CLANG_WARN_BLOCK_CAPTURE_AUTORELEASING = YES;
				CLANG_WARN_BOOL_CONVERSION = YES;
				CLANG_WARN_COMMA = YES;
				CLANG_WARN_CONSTANT_CONVERSION = YES;
				CLANG_WARN_DEPRECATED_OBJC_IMPLEMENTATIONS = YES;
				CLANG_WARN_DIRECT_OBJC_ISA_USAGE = YES_ERROR;
				CLANG_WARN_DOCUMENTATION_COMMENTS = YES;
				CLANG_WARN_EMPTY_BODY = YES;
				CLANG_WARN_ENUM_CONVERSION = YES;
				CLANG_WARN_INFINITE_RECURSION = YES;
				CLANG_WARN_INT_CONVERSION = YES;
				CLANG_WARN_NON_LITERAL_NULL_CONVERSION = YES;
				CLANG_WARN_OBJC_IMPLICIT_RETAIN_SELF = YES;
				CLANG_WARN_OBJC_LITERAL_CONVERSION = YES;
				CLANG_WARN_OBJC_ROOT_CLASS = YES_ERROR;
				CLANG_WARN_RANGE_LOOP_ANALYSIS = YES;
				CLANG_WARN_STRICT_PROTOTYPES = YES;
				CLANG_WARN_SUSPICIOUS_MOVE = YES;
				CLANG_WARN_UNGUARDED_AVAILABILITY = YES_AGGRESSIVE;
				CLANG_WARN_UNREACHABLE_CODE = YES;
				CLANG_WARN__DUPLICATE_METHOD_MATCH = YES;
				CODE_SIGN_IDENTITY = "iPhone Developer";
				COPY_PHASE_STRIP = NO;
				DEBUG_INFORMATION_FORMAT = dwarf;
				ENABLE_STRICT_OBJC_MSGSEND = YES;
				ENABLE_TESTABILITY = YES;
				GCC_C_LANGUAGE_STANDARD = gnu11;
				GCC_DYNAMIC_NO_PIC = NO;
				GCC_NO_COMMON_BLOCKS = YES;
				GCC_OPTIMIZATION_LEVEL = 0;
				GCC_PREPROCESSOR_DEFINITIONS = (
					"DEBUG=1",
					"$(inherited)",
				);
				GCC_WARN_64_TO_32_BIT_CONVERSION = YES;
				GCC_WARN_ABOUT_RETURN_TYPE = YES_ERROR;
				GCC_WARN_UNDECLARED_SELECTOR = YES;
				GCC_WARN_UNINITIALIZED_AUTOS = YES_AGGRESSIVE;
				GCC_WARN_UNUSED_FUNCTION = YES;
				GCC_WARN_UNUSED_VARIABLE = YES;
				IPHONEOS_DEPLOYMENT_TARGET = 11.4;
				MTL_ENABLE_DEBUG_INFO = YES;
				ONLY_ACTIVE_ARCH = YES;
				SDKROOT = iphoneos;
				SWIFT_ACTIVE_COMPILATION_CONDITIONS = DEBUG;
				SWIFT_OPTIMIZATION_LEVEL = "-Onone";
			};
			name = Debug;
		};
		E36937E220E18568009B9EFC /* Release */ = {
			isa = XCBuildConfiguration;
			buildSettings = {
				ALWAYS_SEARCH_USER_PATHS = NO;
				CLANG_ANALYZER_NONNULL = YES;
				CLANG_ANALYZER_NUMBER_OBJECT_CONVERSION = YES_AGGRESSIVE;
				CLANG_CXX_LANGUAGE_STANDARD = "gnu++14";
				CLANG_CXX_LIBRARY = "libc++";
				CLANG_ENABLE_MODULES = YES;
				CLANG_ENABLE_OBJC_ARC = YES;
				CLANG_ENABLE_OBJC_WEAK = YES;
				CLANG_WARN_BLOCK_CAPTURE_AUTORELEASING = YES;
				CLANG_WARN_BOOL_CONVERSION = YES;
				CLANG_WARN_COMMA = YES;
				CLANG_WARN_CONSTANT_CONVERSION = YES;
				CLANG_WARN_DEPRECATED_OBJC_IMPLEMENTATIONS = YES;
				CLANG_WARN_DIRECT_OBJC_ISA_USAGE = YES_ERROR;
				CLANG_WARN_DOCUMENTATION_COMMENTS = YES;
				CLANG_WARN_EMPTY_BODY = YES;
				CLANG_WARN_ENUM_CONVERSION = YES;
				CLANG_WARN_INFINITE_RECURSION = YES;
				CLANG_WARN_INT_CONVERSION = YES;
				CLANG_WARN_NON_LITERAL_NULL_CONVERSION = YES;
				CLANG_WARN_OBJC_IMPLICIT_RETAIN_SELF = YES;
				CLANG_WARN_OBJC_LITERAL_CONVERSION = YES;
				CLANG_WARN_OBJC_ROOT_CLASS = YES_ERROR;
				CLANG_WARN_RANGE_LOOP_ANALYSIS = YES;
				CLANG_WARN_STRICT_PROTOTYPES = YES;
				CLANG_WARN_SUSPICIOUS_MOVE = YES;
				CLANG_WARN_UNGUARDED_AVAILABILITY = YES_AGGRESSIVE;
				CLANG_WARN_UNREACHABLE_CODE = YES;
				CLANG_WARN__DUPLICATE_METHOD_MATCH = YES;
				CODE_SIGN_IDENTITY = "iPhone Developer";
				COPY_PHASE_STRIP = NO;
				DEBUG_INFORMATION_FORMAT = "dwarf-with-dsym";
				ENABLE_NS_ASSERTIONS = NO;
				ENABLE_STRICT_OBJC_MSGSEND = YES;
				GCC_C_LANGUAGE_STANDARD = gnu11;
				GCC_NO_COMMON_BLOCKS = YES;
				GCC_WARN_64_TO_32_BIT_CONVERSION = YES;
				GCC_WARN_ABOUT_RETURN_TYPE = YES_ERROR;
				GCC_WARN_UNDECLARED_SELECTOR = YES;
				GCC_WARN_UNINITIALIZED_AUTOS = YES_AGGRESSIVE;
				GCC_WARN_UNUSED_FUNCTION = YES;
				GCC_WARN_UNUSED_VARIABLE = YES;
				IPHONEOS_DEPLOYMENT_TARGET = 11.4;
				MTL_ENABLE_DEBUG_INFO = NO;
				SDKROOT = iphoneos;
				SWIFT_COMPILATION_MODE = wholemodule;
				SWIFT_OPTIMIZATION_LEVEL = "-O";
				VALIDATE_PRODUCT = YES;
			};
			name = Release;
		};
		E36937E420E18568009B9EFC /* Debug */ = {
			isa = XCBuildConfiguration;
			baseConfigurationReference = 1302656D2EF7B88C0B0FE6CF /* Pods-Marvel.debug.xcconfig */;
			buildSettings = {
				ASSETCATALOG_COMPILER_APPICON_NAME = AppIcon;
				CODE_SIGN_IDENTITY = "iPhone Developer";
				CODE_SIGN_STYLE = Automatic;
				CURRENT_PROJECT_VERSION = "";
				DEBUG_INFORMATION_FORMAT = "dwarf-with-dsym";
				DEVELOPMENT_TEAM = XPQRN7QUXG;
				INFOPLIST_FILE = Marvel/SupportFiles/Info.plist;
				IPHONEOS_DEPLOYMENT_TARGET = 11.0;
				LD_RUNPATH_SEARCH_PATHS = (
					"$(inherited)",
					"@executable_path/Frameworks",
				);
				PRODUCT_BUNDLE_IDENTIFIER = br.com.julianoterres.marvel;
				PRODUCT_NAME = "$(TARGET_NAME)";
				PROVISIONING_PROFILE = "";
				PROVISIONING_PROFILE_SPECIFIER = "";
				SWIFT_VERSION = 4.0;
				TARGETED_DEVICE_FAMILY = "1,2";
				VERSIONING_SYSTEM = "apple-generic";
			};
			name = Debug;
		};
		E36937E520E18568009B9EFC /* Release */ = {
			isa = XCBuildConfiguration;
			baseConfigurationReference = C55B07CB8F504207615EE235 /* Pods-Marvel.release.xcconfig */;
			buildSettings = {
				ASSETCATALOG_COMPILER_APPICON_NAME = AppIcon;
				CODE_SIGN_IDENTITY = "iPhone Developer";
				CODE_SIGN_STYLE = Automatic;
				CURRENT_PROJECT_VERSION = "";
				DEVELOPMENT_TEAM = XPQRN7QUXG;
				INFOPLIST_FILE = Marvel/SupportFiles/Info.plist;
				IPHONEOS_DEPLOYMENT_TARGET = 11.0;
				LD_RUNPATH_SEARCH_PATHS = (
					"$(inherited)",
					"@executable_path/Frameworks",
				);
				PRODUCT_BUNDLE_IDENTIFIER = br.com.julianoterres.marvel;
				PRODUCT_NAME = "$(TARGET_NAME)";
				PROVISIONING_PROFILE = "";
				PROVISIONING_PROFILE_SPECIFIER = "";
				SWIFT_VERSION = 4.0;
				TARGETED_DEVICE_FAMILY = "1,2";
				VERSIONING_SYSTEM = "apple-generic";
			};
			name = Release;
		};
		E36937E720E18568009B9EFC /* Debug */ = {
			isa = XCBuildConfiguration;
			baseConfigurationReference = DC7DD1E24773DE64E67E306A /* Pods-MarvelTests.debug.xcconfig */;
			buildSettings = {
				ALWAYS_EMBED_SWIFT_STANDARD_LIBRARIES = YES;
				BUNDLE_LOADER = "$(TEST_HOST)";
				CODE_SIGN_IDENTITY = "iPhone Developer";
				CODE_SIGN_STYLE = Automatic;
				DEVELOPMENT_TEAM = XPQRN7QUXG;
				INFOPLIST_FILE = Marvel/SupportFiles/Info.plist;
				LD_RUNPATH_SEARCH_PATHS = (
					"$(inherited)",
					"@executable_path/Frameworks",
					"@loader_path/Frameworks",
				);
				PRODUCT_BUNDLE_IDENTIFIER = br.com.julianoterres.MarvelTests;
				PRODUCT_NAME = "$(TARGET_NAME)";
				PROVISIONING_PROFILE = "";
				PROVISIONING_PROFILE_SPECIFIER = "";
				SWIFT_VERSION = 4.0;
				TARGETED_DEVICE_FAMILY = "1,2";
				TEST_HOST = "$(BUILT_PRODUCTS_DIR)/Marvel.app/Marvel";
			};
			name = Debug;
		};
		E36937E820E18568009B9EFC /* Release */ = {
			isa = XCBuildConfiguration;
			baseConfigurationReference = 6AB407FA551941642A6B82FF /* Pods-MarvelTests.release.xcconfig */;
			buildSettings = {
				ALWAYS_EMBED_SWIFT_STANDARD_LIBRARIES = YES;
				BUNDLE_LOADER = "$(TEST_HOST)";
				CODE_SIGN_IDENTITY = "iPhone Developer";
				CODE_SIGN_STYLE = Automatic;
				DEVELOPMENT_TEAM = XPQRN7QUXG;
				INFOPLIST_FILE = Marvel/SupportFiles/Info.plist;
				LD_RUNPATH_SEARCH_PATHS = (
					"$(inherited)",
					"@executable_path/Frameworks",
					"@loader_path/Frameworks",
				);
				PRODUCT_BUNDLE_IDENTIFIER = br.com.julianoterres.MarvelTests;
				PRODUCT_NAME = "$(TARGET_NAME)";
				PROVISIONING_PROFILE = "";
				PROVISIONING_PROFILE_SPECIFIER = "";
				SWIFT_VERSION = 4.0;
				TARGETED_DEVICE_FAMILY = "1,2";
				TEST_HOST = "$(BUILT_PRODUCTS_DIR)/Marvel.app/Marvel";
			};
			name = Release;
		};
/* End XCBuildConfiguration section */

/* Begin XCConfigurationList section */
		E36937B620E18567009B9EFC /* Build configuration list for PBXProject "Marvel" */ = {
			isa = XCConfigurationList;
			buildConfigurations = (
				E36937E120E18568009B9EFC /* Debug */,
				E36937E220E18568009B9EFC /* Release */,
			);
			defaultConfigurationIsVisible = 0;
			defaultConfigurationName = Release;
		};
		E36937E320E18568009B9EFC /* Build configuration list for PBXNativeTarget "Marvel" */ = {
			isa = XCConfigurationList;
			buildConfigurations = (
				E36937E420E18568009B9EFC /* Debug */,
				E36937E520E18568009B9EFC /* Release */,
			);
			defaultConfigurationIsVisible = 0;
			defaultConfigurationName = Release;
		};
		E36937E620E18568009B9EFC /* Build configuration list for PBXNativeTarget "MarvelTests" */ = {
			isa = XCConfigurationList;
			buildConfigurations = (
				E36937E720E18568009B9EFC /* Debug */,
				E36937E820E18568009B9EFC /* Release */,
			);
			defaultConfigurationIsVisible = 0;
			defaultConfigurationName = Release;
		};
/* End XCConfigurationList section */
	};
	rootObject = E36937B320E18567009B9EFC /* Project object */;
}
